
Microsoft Visual Studio Solution File, Format Version 12.00
# Visual Studio Version 16
VisualStudioVersion = 16.0.31624.102
MinimumVisualStudioVersion = 10.0.40219.1
Project("{D2ABAB84-BF74-430A-B69E-9DC6D40DDA17}") = "FSMultidimensionalProject1", "FSMultidimensionalProject1.dwproj", "{1F898A6B-04BD-4C2E-8701-8DF36E321855}"
EndProject
Global
	GlobalSection(SolutionConfigurationPlatforms) = preSolution
		Development|Default = Development|Default
	EndGlobalSection
	GlobalSection(ProjectConfigurationPlatforms) = postSolution
		{1F898A6B-04BD-4C2E-8701-8DF36E321855}.Development|Default.ActiveCfg = Development
		{1F898A6B-04BD-4C2E-8701-8DF36E321855}.Development|Default.Build.0 = Development
		{1F898A6B-04BD-4C2E-8701-8DF36E321855}.Development|Default.Deploy.0 = Development
	EndGlobalSection
	GlobalSection(SolutionProperties) = preSolution
		HideSolutionNode = FALSE
	EndGlobalSection
	GlobalSection(ExtensibilityGlobals) = postSolution
		SolutionGuid = {5B8695E4-B34C-475C-9F69-5A7BDFE8087C}
	EndGlobalSection
EndGlobal
